// !$*UTF8*$!
{
	archiveVersion = 1;
	classes = {
	};
	objectVersion = 50;
	objects = {

/* Begin PBXBuildFile section */
		488E3920279AF72B00504EF4 /* AppDelegate.swift in Sources */ = {isa = PBXBuildFile; fileRef = 488E391F279AF72B00504EF4 /* AppDelegate.swift */; };
		488E3922279AF72B00504EF4 /* SceneDelegate.swift in Sources */ = {isa = PBXBuildFile; fileRef = 488E3921279AF72B00504EF4 /* SceneDelegate.swift */; };
		488E3927279AF72B00504EF4 /* Main.storyboard in Resources */ = {isa = PBXBuildFile; fileRef = 488E3925279AF72B00504EF4 /* Main.storyboard */; };
		488E3929279AF72D00504EF4 /* Assets.xcassets in Resources */ = {isa = PBXBuildFile; fileRef = 488E3928279AF72D00504EF4 /* Assets.xcassets */; };
		488E392C279AF72D00504EF4 /* LaunchScreen.storyboard in Resources */ = {isa = PBXBuildFile; fileRef = 488E392A279AF72D00504EF4 /* LaunchScreen.storyboard */; };
		488E3934279B0C2E00504EF4 /* PhotosCollectionViewCell.swift in Sources */ = {isa = PBXBuildFile; fileRef = 488E3933279B0C2E00504EF4 /* PhotosCollectionViewCell.swift */; };
		488E3936279B0FFB00504EF4 /* PhotosCollectionViewController.swift in Sources */ = {isa = PBXBuildFile; fileRef = 488E3935279B0FFB00504EF4 /* PhotosCollectionViewController.swift */; };
		488E393A279C1C1700504EF4 /* PhotosNavigationController.swift in Sources */ = {isa = PBXBuildFile; fileRef = 488E3939279C1C1700504EF4 /* PhotosNavigationController.swift */; };
/* End PBXBuildFile section */

/* Begin PBXFileReference section */
		488E391C279AF72B00504EF4 /* PixelmatorHW.app */ = {isa = PBXFileReference; explicitFileType = wrapper.application; includeInIndex = 0; path = PixelmatorHW.app; sourceTree = BUILT_PRODUCTS_DIR; };
		488E391F279AF72B00504EF4 /* AppDelegate.swift */ = {isa = PBXFileReference; lastKnownFileType = sourcecode.swift; path = AppDelegate.swift; sourceTree = "<group>"; };
		488E3921279AF72B00504EF4 /* SceneDelegate.swift */ = {isa = PBXFileReference; lastKnownFileType = sourcecode.swift; path = SceneDelegate.swift; sourceTree = "<group>"; };
		488E3926279AF72B00504EF4 /* Base */ = {isa = PBXFileReference; lastKnownFileType = file.storyboard; name = Base; path = Base.lproj/Main.storyboard; sourceTree = "<group>"; };
		488E3928279AF72D00504EF4 /* Assets.xcassets */ = {isa = PBXFileReference; lastKnownFileType = folder.assetcatalog; path = Assets.xcassets; sourceTree = "<group>"; };
		488E392B279AF72D00504EF4 /* Base */ = {isa = PBXFileReference; lastKnownFileType = file.storyboard; name = Base; path = Base.lproj/LaunchScreen.storyboard; sourceTree = "<group>"; };
		488E392D279AF72D00504EF4 /* Info.plist */ = {isa = PBXFileReference; lastKnownFileType = text.plist.xml; path = Info.plist; sourceTree = "<group>"; };
		488E3933279B0C2E00504EF4 /* PhotosCollectionViewCell.swift */ = {isa = PBXFileReference; lastKnownFileType = sourcecode.swift; path = PhotosCollectionViewCell.swift; sourceTree = "<group>"; };
		488E3935279B0FFB00504EF4 /* PhotosCollectionViewController.swift */ = {isa = PBXFileReference; lastKnownFileType = sourcecode.swift; path = PhotosCollectionViewController.swift; sourceTree = "<group>"; };
		488E3939279C1C1700504EF4 /* PhotosNavigationController.swift */ = {isa = PBXFileReference; lastKnownFileType = sourcecode.swift; path = PhotosNavigationController.swift; sourceTree = "<group>"; };
/* End PBXFileReference section */

/* Begin PBXFrameworksBuildPhase section */
		488E3919279AF72B00504EF4 /* Frameworks */ = {
			isa = PBXFrameworksBuildPhase;
			buildActionMask = 2147483647;
			files = (
			);
			runOnlyForDeploymentPostprocessing = 0;
		};
/* End PBXFrameworksBuildPhase section */

/* Begin PBXGroup section */
		488E3913279AF72B00504EF4 = {
			isa = PBXGroup;
			children = (
				488E391E279AF72B00504EF4 /* PixelmatorHW */,
				488E391D279AF72B00504EF4 /* Products */,
			);
			sourceTree = "<group>";
		};
		488E391D279AF72B00504EF4 /* Products */ = {
			isa = PBXGroup;
			children = (
				488E391C279AF72B00504EF4 /* PixelmatorHW.app */,
			);
			name = Products;
			sourceTree = "<group>";
		};
		488E391E279AF72B00504EF4 /* PixelmatorHW */ = {
			isa = PBXGroup;
			children = (
				488E3939279C1C1700504EF4 /* PhotosNavigationController.swift */,
				488E391F279AF72B00504EF4 /* AppDelegate.swift */,
				488E3921279AF72B00504EF4 /* SceneDelegate.swift */,
				488E3925279AF72B00504EF4 /* Main.storyboard */,
				488E3928279AF72D00504EF4 /* Assets.xcassets */,
				488E392A279AF72D00504EF4 /* LaunchScreen.storyboard */,
				488E392D279AF72D00504EF4 /* Info.plist */,
				488E3933279B0C2E00504EF4 /* PhotosCollectionViewCell.swift */,
				488E3935279B0FFB00504EF4 /* PhotosCollectionViewController.swift */,
			);
			path = PixelmatorHW;
			sourceTree = "<group>";
		};
/* End PBXGroup section */

/* Begin PBXNativeTarget section */
		488E391B279AF72B00504EF4 /* PixelmatorHW */ = {
			isa = PBXNativeTarget;
			buildConfigurationList = 488E3930279AF72D00504EF4 /* Build configuration list for PBXNativeTarget "PixelmatorHW" */;
			buildPhases = (
				488E3918279AF72B00504EF4 /* Sources */,
				488E3919279AF72B00504EF4 /* Frameworks */,
				488E391A279AF72B00504EF4 /* Resources */,
			);
			buildRules = (
			);
			dependencies = (
			);
			name = PixelmatorHW;
			productName = PixelmatorHW;
			productReference = 488E391C279AF72B00504EF4 /* PixelmatorHW.app */;
			productType = "com.apple.product-type.application";
		};
/* End PBXNativeTarget section */

/* Begin PBXProject section */
		488E3914279AF72B00504EF4 /* Project object */ = {
			isa = PBXProject;
			attributes = {
				LastSwiftUpdateCheck = 1250;
				LastUpgradeCheck = 1250;
				TargetAttributes = {
					488E391B279AF72B00504EF4 = {
						CreatedOnToolsVersion = 12.5.1;
					};
				};
			};
			buildConfigurationList = 488E3917279AF72B00504EF4 /* Build configuration list for PBXProject "PixelmatorHW" */;
			compatibilityVersion = "Xcode 9.3";
			developmentRegion = en;
			hasScannedForEncodings = 0;
			knownRegions = (
				en,
				Base,
			);
			mainGroup = 488E3913279AF72B00504EF4;
			productRefGroup = 488E391D279AF72B00504EF4 /* Products */;
			projectDirPath = "";
			projectRoot = "";
			targets = (
				488E391B279AF72B00504EF4 /* PixelmatorHW */,
			);
		};
/* End PBXProject section */

/* Begin PBXResourcesBuildPhase section */
		488E391A279AF72B00504EF4 /* Resources */ = {
			isa = PBXResourcesBuildPhase;
			buildActionMask = 2147483647;
			files = (
				488E392C279AF72D00504EF4 /* LaunchScreen.storyboard in Resources */,
				488E3929279AF72D00504EF4 /* Assets.xcassets in Resources */,
				488E3927279AF72B00504EF4 /* Main.storyboard in Resources */,
			);
			runOnlyForDeploymentPostprocessing = 0;
		};
/* End PBXResourcesBuildPhase section */

/* Begin PBXSourcesBuildPhase section */
		488E3918279AF72B00504EF4 /* Sources */ = {
			isa = PBXSourcesBuildPhase;
			buildActionMask = 2147483647;
			files = (
				488E3934279B0C2E00504EF4 /* PhotosCollectionViewCell.swift in Sources */,
				488E3920279AF72B00504EF4 /* AppDelegate.swift in Sources */,
				488E3936279B0FFB00504EF4 /* PhotosCollectionViewController.swift in Sources */,
				488E393A279C1C1700504EF4 /* PhotosNavigationController.swift in Sources */,
				488E3922279AF72B00504EF4 /* SceneDelegate.swift in Sources */,
			);
			runOnlyForDeploymentPostprocessing = 0;
		};
/* End PBXSourcesBuildPhase section */

/* Begin PBXVariantGroup section */
		488E3925279AF72B00504EF4 /* Main.storyboard */ = {
			isa = PBXVariantGroup;
			children = (
				488E3926279AF72B00504EF4 /* Base */,
			);
			name = Main.storyboard;
			sourceTree = "<group>";
		};
		488E392A279AF72D00504EF4 /* LaunchScreen.storyboard */ = {
			isa = PBXVariantGroup;
			children = (
				488E392B279AF72D00504EF4 /* Base */,
			);
			name = LaunchScreen.storyboard;
			sourceTree = "<group>";
		};
/* End PBXVariantGroup section */

/* Begin XCBuildConfiguration section */
		488E392E279AF72D00504EF4 /* Debug */ = {
			isa = XCBuildConfiguration;
			buildSettings = {
				ALWAYS_SEARCH_USER_PATHS = NO;
				CLANG_ANALYZER_NONNULL = YES;
				CLANG_ANALYZER_NUMBER_OBJECT_CONVERSION = YES_AGGRESSIVE;
				CLANG_CXX_LANGUAGE_STANDARD = "gnu++14";
				CLANG_CXX_LIBRARY = "libc++";
				CLANG_ENABLE_MODULES = YES;
				CLANG_ENABLE_OBJC_ARC = YES;
				CLANG_ENABLE_OBJC_WEAK = YES;
				CLANG_WARN_BLOCK_CAPTURE_AUTORELEASING = YES;
				CLANG_WARN_BOOL_CONVERSION = YES;
				CLANG_WARN_COMMA = YES;
				CLANG_WARN_CONSTANT_CONVERSION = YES;
				CLANG_WARN_DEPRECATED_OBJC_IMPLEMENTATIONS = YES;
				CLANG_WARN_DIRECT_OBJC_ISA_USAGE = YES_ERROR;
				CLANG_WARN_DOCUMENTATION_COMMENTS = YES;
				CLANG_WARN_EMPTY_BODY = YES;
				CLANG_WARN_ENUM_CONVERSION = YES;
				CLANG_WARN_INFINITE_RECURSION = YES;
				CLANG_WARN_INT_CONVERSION = YES;
				CLANG_WARN_NON_LITERAL_NULL_CONVERSION = YES;
				CLANG_WARN_OBJC_IMPLICIT_RETAIN_SELF = YES;
				CLANG_WARN_OBJC_LITERAL_CONVERSION = YES;
				CLANG_WARN_OBJC_ROOT_CLASS = YES_ERROR;
				CLANG_WARN_QUOTED_INCLUDE_IN_FRAMEWORK_HEADER = YES;
				CLANG_WARN_RANGE_LOOP_ANALYSIS = YES;
				CLANG_WARN_STRICT_PROTOTYPES = YES;
				CLANG_WARN_SUSPICIOUS_MOVE = YES;
				CLANG_WARN_UNGUARDED_AVAILABILITY = YES_AGGRESSIVE;
				CLANG_WARN_UNREACHABLE_CODE = YES;
				CLANG_WARN__DUPLICATE_METHOD_MATCH = YES;
				COPY_PHASE_STRIP = NO;
				DEBUG_INFORMATION_FORMAT = dwarf;
				ENABLE_STRICT_OBJC_MSGSEND = YES;
				ENABLE_TESTABILITY = YES;
				GCC_C_LANGUAGE_STANDARD = gnu11;
				GCC_DYNAMIC_NO_PIC = NO;
				GCC_NO_COMMON_BLOCKS = YES;
				GCC_OPTIMIZATION_LEVEL = 0;
				GCC_PREPROCESSOR_DEFINITIONS = (
					"DEBUG=1",
					"$(inherited)",
				);
				GCC_WARN_64_TO_32_BIT_CONVERSION = YES;
				GCC_WARN_ABOUT_RETURN_TYPE = YES_ERROR;
				GCC_WARN_UNDECLARED_SELECTOR = YES;
				GCC_WARN_UNINITIALIZED_AUTOS = YES_AGGRESSIVE;
				GCC_WARN_UNUSED_FUNCTION = YES;
				GCC_WARN_UNUSED_VARIABLE = YES;
				IPHONEOS_DEPLOYMENT_TARGET = 14.5;
				MTL_ENABLE_DEBUG_INFO = INCLUDE_SOURCE;
				MTL_FAST_MATH = YES;
				ONLY_ACTIVE_ARCH = YES;
				SDKROOT = iphoneos;
				SWIFT_ACTIVE_COMPILATION_CONDITIONS = DEBUG;
				SWIFT_OPTIMIZATION_LEVEL = "-Onone";
			};
			name = Debug;
		};
		488E392F279AF72D00504EF4 /* Release */ = {
			isa = XCBuildConfiguration;
			buildSettings = {
				ALWAYS_SEARCH_USER_PATHS = NO;
				CLANG_ANALYZER_NONNULL = YES;
				CLANG_ANALYZER_NUMBER_OBJECT_CONVERSION = YES_AGGRESSIVE;
				CLANG_CXX_LANGUAGE_STANDARD = "gnu++14";
				CLANG_CXX_LIBRARY = "libc++";
				CLANG_ENABLE_MODULES = YES;
				CLANG_ENABLE_OBJC_ARC = YES;
				CLANG_ENABLE_OBJC_WEAK = YES;
				CLANG_WARN_BLOCK_CAPTURE_AUTORELEASING = YES;
				CLANG_WARN_BOOL_CONVERSION = YES;
				CLANG_WARN_COMMA = YES;
				CLANG_WARN_CONSTANT_CONVERSION = YES;
				CLANG_WARN_DEPRECATED_OBJC_IMPLEMENTATIONS = YES;
				CLANG_WARN_DIRECT_OBJC_ISA_USAGE = YES_ERROR;
				CLANG_WARN_DOCUMENTATION_COMMENTS = YES;
				CLANG_WARN_EMPTY_BODY = YES;
				CLANG_WARN_ENUM_CONVERSION = YES;
				CLANG_WARN_INFINITE_RECURSION = YES;
				CLANG_WARN_INT_CONVERSION = YES;
				CLANG_WARN_NON_LITERAL_NULL_CONVERSION = YES;
				CLANG_WARN_OBJC_IMPLICIT_RETAIN_SELF = YES;
				CLANG_WARN_OBJC_LITERAL_CONVERSION = YES;
				CLANG_WARN_OBJC_ROOT_CLASS = YES_ERROR;
				CLANG_WARN_QUOTED_INCLUDE_IN_FRAMEWORK_HEADER = YES;
				CLANG_WARN_RANGE_LOOP_ANALYSIS = YES;
				CLANG_WARN_STRICT_PROTOTYPES = YES;
				CLANG_WARN_SUSPICIOUS_MOVE = YES;
				CLANG_WARN_UNGUARDED_AVAILABILITY = YES_AGGRESSIVE;
				CLANG_WARN_UNREACHABLE_CODE = YES;
				CLANG_WARN__DUPLICATE_METHOD_MATCH = YES;
				COPY_PHASE_STRIP = NO;
				DEBUG_INFORMATION_FORMAT = "dwarf-with-dsym";
				ENABLE_NS_ASSERTIONS = NO;
				ENABLE_STRICT_OBJC_MSGSEND = YES;
				GCC_C_LANGUAGE_STANDARD = gnu11;
				GCC_NO_COMMON_BLOCKS = YES;
				GCC_WARN_64_TO_32_BIT_CONVERSION = YES;
				GCC_WARN_ABOUT_RETURN_TYPE = YES_ERROR;
				GCC_WARN_UNDECLARED_SELECTOR = YES;
				GCC_WARN_UNINITIALIZED_AUTOS = YES_AGGRESSIVE;
				GCC_WARN_UNUSED_FUNCTION = YES;
				GCC_WARN_UNUSED_VARIABLE = YES;
				IPHONEOS_DEPLOYMENT_TARGET = 14.5;
				MTL_ENABLE_DEBUG_INFO = NO;
				MTL_FAST_MATH = YES;
				SDKROOT = iphoneos;
				SWIFT_COMPILATION_MODE = wholemodule;
				SWIFT_OPTIMIZATION_LEVEL = "-O";
				VALIDATE_PRODUCT = YES;
			};
			name = Release;
		};
		488E3931279AF72D00504EF4 /* Debug */ = {
			isa = XCBuildConfiguration;
			buildSettings = {
				ASSETCATALOG_COMPILER_APPICON_NAME = AppIcon;
				ASSETCATALOG_COMPILER_GLOBAL_ACCENT_COLOR_NAME = AccentColor;
				CODE_SIGN_STYLE = Automatic;
				INFOPLIST_FILE = PixelmatorHW/Info.plist;
				LD_RUNPATH_SEARCH_PATHS = (
					"$(inherited)",
					"@executable_path/Frameworks",
				);
				PRODUCT_BUNDLE_IDENTIFIER = gd.PixelmatorHW;
				PRODUCT_NAME = "$(TARGET_NAME)";
				SWIFT_VERSION = 5.0;
				TARGETED_DEVICE_FAMILY = "1,2";
			};
			name = Debug;
		};
		488E3932279AF72D00504EF4 /* Release */ = {
			isa = XCBuildConfiguration;
			buildSettings = {
				ASSETCATALOG_COMPILER_APPICON_NAME = AppIcon;
				ASSETCATALOG_COMPILER_GLOBAL_ACCENT_COLOR_NAME = AccentColor;
				CODE_SIGN_STYLE = Automatic;
				INFOPLIST_FILE = PixelmatorHW/Info.plist;
				LD_RUNPATH_SEARCH_PATHS = (
					"$(inherited)",
					"@executable_path/Frameworks",
				);
				PRODUCT_BUNDLE_IDENTIFIER = gd.PixelmatorHW;
				PRODUCT_NAME = "$(TARGET_NAME)";
				SWIFT_VERSION = 5.0;
				TARGETED_DEVICE_FAMILY = "1,2";
			};
			name = Release;
		};
/* End XCBuildConfiguration section */

/* Begin XCConfigurationList section */
		488E3917279AF72B00504EF4 /* Build configuration list for PBXProject "PixelmatorHW" */ = {
			isa = XCConfigurationList;
			buildConfigurations = (
				488E392E279AF72D00504EF4 /* Debug */,
				488E392F279AF72D00504EF4 /* Release */,
			);
			defaultConfigurationIsVisible = 0;
			defaultConfigurationName = Release;
		};
		488E3930279AF72D00504EF4 /* Build configuration list for PBXNativeTarget "PixelmatorHW" */ = {
			isa = XCConfigurationList;
			buildConfigurations = (
				488E3931279AF72D00504EF4 /* Debug */,
				488E3932279AF72D00504EF4 /* Release */,
			);
			defaultConfigurationIsVisible = 0;
			defaultConfigurationName = Release;
		};
/* End XCConfigurationList section */
	};
	rootObject = 488E3914279AF72B00504EF4 /* Project object */;
}
